{
    "requires": true,
    "lockfileVersion": 1,
    "dependencies": {
        "sweetalert2": {
            "version": "7.28.2",
            "resolved": "https://registry.npmjs.org/sweetalert2/-/sweetalert2-7.28.2.tgz",
            "integrity": "sha512-9YO8hQr1iLwKU4qdItm00qiDeMjv79qwh6duc1GCIbXf/yPv0ooTvyNxEuRCLljPCCzw8h0eWUmrrX+fBzBYyw=="
        }
    }
}
